
Microsoft Visual Studio Solution File, Format Version 12.00
# Visual Studio Version 17
VisualStudioVersion = 17.1.32210.238
MinimumVisualStudioVersion = 10.0.40219.1
Project("{9A19103F-16F7-4668-BE54-9A1E7A4F7556}") = "Collections", "Collections\Collections.csproj", "{F2E655E7-4E4F-482D-8AD4-CE4067D160E0}"
EndProject
Project("{FAE04EC0-301F-11D3-BF4B-00C04F79EFBC}") = "CollectionDemo", "CollectionDemo\CollectionDemo.csproj", "{801E33AC-344A-4903-959C-99DB76A81858}"
EndProject
Global
	GlobalSection(SolutionConfigurationPlatforms) = preSolution
		Debug|Any CPU = Debug|Any CPU
		Release|Any CPU = Release|Any CPU
	EndGlobalSection
	GlobalSection(ProjectConfigurationPlatforms) = postSolution
		{F2E655E7-4E4F-482D-8AD4-CE4067D160E0}.Debug|Any CPU.ActiveCfg = Debug|Any CPU
		{F2E655E7-4E4F-482D-8AD4-CE4067D160E0}.Debug|Any CPU.Build.0 = Debug|Any CPU
		{F2E655E7-4E4F-482D-8AD4-CE4067D160E0}.Release|Any CPU.ActiveCfg = Release|Any CPU
		{F2E655E7-4E4F-482D-8AD4-CE4067D160E0}.Release|Any CPU.Build.0 = Release|Any CPU
		{801E33AC-344A-4903-959C-99DB76A81858}.Debug|Any CPU.ActiveCfg = Debug|Any CPU
		{801E33AC-344A-4903-959C-99DB76A81858}.Debug|Any CPU.Build.0 = Debug|Any CPU
		{801E33AC-344A-4903-959C-99DB76A81858}.Release|Any CPU.ActiveCfg = Release|Any CPU
		{801E33AC-344A-4903-959C-99DB76A81858}.Release|Any CPU.Build.0 = Release|Any CPU
	EndGlobalSection
	GlobalSection(SolutionProperties) = preSolution
		HideSolutionNode = FALSE
	EndGlobalSection
	GlobalSection(ExtensibilityGlobals) = postSolution
		SolutionGuid = {ECBB2528-4E02-4F95-AE61-40FB34AE71DF}
	EndGlobalSection
EndGlobal
